
Microsoft Visual Studio Solution File, Format Version 12.00
# Visual Studio 2012
Project("{FAE04EC0-301F-11D3-BF4B-00C04F79EFBC}") = "Weather", "Weather\Weather.csproj", "{786D8225-39A5-43F1-A116-2B70DF6BE25A}"
EndProject
Global
	GlobalSection(SolutionConfigurationPlatforms) = preSolution
		Debug|Any CPU = Debug|Any CPU
		Release|Any CPU = Release|Any CPU
	EndGlobalSection
	GlobalSection(ProjectConfigurationPlatforms) = postSolution
		{786D8225-39A5-43F1-A116-2B70DF6BE25A}.Debug|Any CPU.ActiveCfg = Debug|Any CPU
		{786D8225-39A5-43F1-A116-2B70DF6BE25A}.Debug|Any CPU.Build.0 = Debug|Any CPU
		{786D8225-39A5-43F1-A116-2B70DF6BE25A}.Release|Any CPU.ActiveCfg = Release|Any CPU
		{786D8225-39A5-43F1-A116-2B70DF6BE25A}.Release|Any CPU.Build.0 = Release|Any CPU
	EndGlobalSection
	GlobalSection(SolutionProperties) = preSolution
		HideSolutionNode = FALSE
	EndGlobalSection
EndGlobal
